
Microsoft Visual Studio Solution File, Format Version 12.00
# Visual Studio Version 16
VisualStudioVersion = 16.0.30330.147
MinimumVisualStudioVersion = 10.0.40219.1
Project("{8BC9CEB8-8B4A-11D0-8D11-00A0C91BC942}") = "HI_ARC", "HI_ARC\HI_ARC.vcxproj", "{AE062895-C5E7-408C-8766-1EB7FA885610}"
EndProject
Project("{8BC9CEB8-8B4A-11D0-8D11-00A0C91BC942}") = "1931", "1931\1931.vcxproj", "{1045273E-37F4-4275-85E9-3464685E893E}"
EndProject
Project("{8BC9CEB8-8B4A-11D0-8D11-00A0C91BC942}") = "11000", "11000\11000.vcxproj", "{DEBC32E3-501E-4373-A7BA-880819D3E334}"
EndProject
Project("{8BC9CEB8-8B4A-11D0-8D11-00A0C91BC942}") = "1422", "1422\1422.vcxproj", "{6BBE7B06-38D7-4F49-AAC0-DB644AE54A57}"
EndProject
Project("{8BC9CEB8-8B4A-11D0-8D11-00A0C91BC942}") = "4811", "4811\4811.vcxproj", "{8C4E91A6-F0B5-41D6-9365-770267018FE6}"
EndProject
Project("{8BC9CEB8-8B4A-11D0-8D11-00A0C91BC942}") = "2662", "2662\2662.vcxproj", "{9BE70D2D-FD2A-45AA-A378-ED822D1ABA33}"
EndProject
Project("{8BC9CEB8-8B4A-11D0-8D11-00A0C91BC942}") = "1717", "1717\1717.vcxproj", "{D54B51BD-B4FA-4935-9816-22B39AE76934}"
EndProject
Project("{8BC9CEB8-8B4A-11D0-8D11-00A0C91BC942}") = "2178", "2178\2178.vcxproj", "{19EE2751-3E11-4D06-92AF-64495ED660BC}"
EndProject
Project("{8BC9CEB8-8B4A-11D0-8D11-00A0C91BC942}") = "1922", "1922\1922.vcxproj", "{233E225A-2C9F-461F-AE87-D65207015324}"
EndProject
Project("{8BC9CEB8-8B4A-11D0-8D11-00A0C91BC942}") = "9938", "9938\9938.vcxproj", "{8D89AC14-A373-4AC1-917A-3E0C8619A562}"
EndProject
Project("{8BC9CEB8-8B4A-11D0-8D11-00A0C91BC942}") = "2170", "2170\2170.vcxproj", "{A8407FBB-6A78-404D-85FF-AF81A6706EC9}"
EndProject
Project("{8BC9CEB8-8B4A-11D0-8D11-00A0C91BC942}") = "1806", "1806\1806.vcxproj", "{62D0A5DC-9FD3-4385-BF23-FE27D05FB3D9}"
EndProject
Project("{8BC9CEB8-8B4A-11D0-8D11-00A0C91BC942}") = "20922", "20922\20922.vcxproj", "{5075D01D-ACBA-405F-9438-4CC485AED82D}"
EndProject
Project("{8BC9CEB8-8B4A-11D0-8D11-00A0C91BC942}") = "17619", "17619\17619.vcxproj", "{8B2F5020-E3AC-4744-AADC-0791B7535AAC}"
EndProject
Project("{8BC9CEB8-8B4A-11D0-8D11-00A0C91BC942}") = "19644", "19644\19644.vcxproj", "{61A0A705-FC79-4B15-AE47-0A0D0EC0B4D5}"
EndProject
Project("{8BC9CEB8-8B4A-11D0-8D11-00A0C91BC942}") = "1629", "1629\1629.vcxproj", "{5AC8E590-20D4-4D8F-893B-156AABFDD9AB}"
EndProject
Project("{8BC9CEB8-8B4A-11D0-8D11-00A0C91BC942}") = "11758", "11758\11758.vcxproj", "{6AAD4D8C-0882-4C40-8923-31DAA3DFBFD0}"
EndProject
Project("{8BC9CEB8-8B4A-11D0-8D11-00A0C91BC942}") = "17386", "17386\17386.vcxproj", "{7B3FFED3-B0FF-49B1-9219-391D05AE500F}"
EndProject
Global
	GlobalSection(SolutionConfigurationPlatforms) = preSolution
		Debug|x64 = Debug|x64
		Debug|x86 = Debug|x86
		Release|x64 = Release|x64
		Release|x86 = Release|x86
	EndGlobalSection
	GlobalSection(ProjectConfigurationPlatforms) = postSolution
		{AE062895-C5E7-408C-8766-1EB7FA885610}.Debug|x64.ActiveCfg = Debug|x64
		{AE062895-C5E7-408C-8766-1EB7FA885610}.Debug|x64.Build.0 = Debug|x64
		{AE062895-C5E7-408C-8766-1EB7FA885610}.Debug|x86.ActiveCfg = Debug|Win32
		{AE062895-C5E7-408C-8766-1EB7FA885610}.Debug|x86.Build.0 = Debug|Win32
		{AE062895-C5E7-408C-8766-1EB7FA885610}.Release|x64.ActiveCfg = Release|x64
		{AE062895-C5E7-408C-8766-1EB7FA885610}.Release|x64.Build.0 = Release|x64
		{AE062895-C5E7-408C-8766-1EB7FA885610}.Release|x86.ActiveCfg = Release|Win32
		{AE062895-C5E7-408C-8766-1EB7FA885610}.Release|x86.Build.0 = Release|Win32
		{1045273E-37F4-4275-85E9-3464685E893E}.Debug|x64.ActiveCfg = Debug|x64
		{1045273E-37F4-4275-85E9-3464685E893E}.Debug|x64.Build.0 = Debug|x64
		{1045273E-37F4-4275-85E9-3464685E893E}.Debug|x86.ActiveCfg = Debug|Win32
		{1045273E-37F4-4275-85E9-3464685E893E}.Debug|x86.Build.0 = Debug|Win32
		{1045273E-37F4-4275-85E9-3464685E893E}.Release|x64.ActiveCfg = Release|x64
		{1045273E-37F4-4275-85E9-3464685E893E}.Release|x64.Build.0 = Release|x64
		{1045273E-37F4-4275-85E9-3464685E893E}.Release|x86.ActiveCfg = Release|Win32
		{1045273E-37F4-4275-85E9-3464685E893E}.Release|x86.Build.0 = Release|Win32
		{DEBC32E3-501E-4373-A7BA-880819D3E334}.Debug|x64.ActiveCfg = Debug|x64
		{DEBC32E3-501E-4373-A7BA-880819D3E334}.Debug|x64.Build.0 = Debug|x64
		{DEBC32E3-501E-4373-A7BA-880819D3E334}.Debug|x86.ActiveCfg = Debug|Win32
		{DEBC32E3-501E-4373-A7BA-880819D3E334}.Debug|x86.Build.0 = Debug|Win32
		{DEBC32E3-501E-4373-A7BA-880819D3E334}.Release|x64.ActiveCfg = Release|x64
		{DEBC32E3-501E-4373-A7BA-880819D3E334}.Release|x64.Build.0 = Release|x64
		{DEBC32E3-501E-4373-A7BA-880819D3E334}.Release|x86.ActiveCfg = Release|Win32
		{DEBC32E3-501E-4373-A7BA-880819D3E334}.Release|x86.Build.0 = Release|Win32
		{6BBE7B06-38D7-4F49-AAC0-DB644AE54A57}.Debug|x64.ActiveCfg = Debug|x64
		{6BBE7B06-38D7-4F49-AAC0-DB644AE54A57}.Debug|x64.Build.0 = Debug|x64
		{6BBE7B06-38D7-4F49-AAC0-DB644AE54A57}.Debug|x86.ActiveCfg = Debug|Win32
		{6BBE7B06-38D7-4F49-AAC0-DB644AE54A57}.Debug|x86.Build.0 = Debug|Win32
		{6BBE7B06-38D7-4F49-AAC0-DB644AE54A57}.Release|x64.ActiveCfg = Release|x64
		{6BBE7B06-38D7-4F49-AAC0-DB644AE54A57}.Release|x64.Build.0 = Release|x64
		{6BBE7B06-38D7-4F49-AAC0-DB644AE54A57}.Release|x86.ActiveCfg = Release|Win32
		{6BBE7B06-38D7-4F49-AAC0-DB644AE54A57}.Release|x86.Build.0 = Release|Win32
		{8C4E91A6-F0B5-41D6-9365-770267018FE6}.Debug|x64.ActiveCfg = Debug|x64
		{8C4E91A6-F0B5-41D6-9365-770267018FE6}.Debug|x64.Build.0 = Debug|x64
		{8C4E91A6-F0B5-41D6-9365-770267018FE6}.Debug|x86.ActiveCfg = Debug|Win32
		{8C4E91A6-F0B5-41D6-9365-770267018FE6}.Debug|x86.Build.0 = Debug|Win32
		{8C4E91A6-F0B5-41D6-9365-770267018FE6}.Release|x64.ActiveCfg = Release|x64
		{8C4E91A6-F0B5-41D6-9365-770267018FE6}.Release|x64.Build.0 = Release|x64
		{8C4E91A6-F0B5-41D6-9365-770267018FE6}.Release|x86.ActiveCfg = Release|Win32
		{8C4E91A6-F0B5-41D6-9365-770267018FE6}.Release|x86.Build.0 = Release|Win32
		{9BE70D2D-FD2A-45AA-A378-ED822D1ABA33}.Debug|x64.ActiveCfg = Debug|x64
		{9BE70D2D-FD2A-45AA-A378-ED822D1ABA33}.Debug|x64.Build.0 = Debug|x64
		{9BE70D2D-FD2A-45AA-A378-ED822D1ABA33}.Debug|x86.ActiveCfg = Debug|Win32
		{9BE70D2D-FD2A-45AA-A378-ED822D1ABA33}.Debug|x86.Build.0 = Debug|Win32
		{9BE70D2D-FD2A-45AA-A378-ED822D1ABA33}.Release|x64.ActiveCfg = Release|x64
		{9BE70D2D-FD2A-45AA-A378-ED822D1ABA33}.Release|x64.Build.0 = Release|x64
		{9BE70D2D-FD2A-45AA-A378-ED822D1ABA33}.Release|x86.ActiveCfg = Release|Win32
		{9BE70D2D-FD2A-45AA-A378-ED822D1ABA33}.Release|x86.Build.0 = Release|Win32
		{D54B51BD-B4FA-4935-9816-22B39AE76934}.Debug|x64.ActiveCfg = Debug|x64
		{D54B51BD-B4FA-4935-9816-22B39AE76934}.Debug|x64.Build.0 = Debug|x64
		{D54B51BD-B4FA-4935-9816-22B39AE76934}.Debug|x86.ActiveCfg = Debug|Win32
		{D54B51BD-B4FA-4935-9816-22B39AE76934}.Debug|x86.Build.0 = Debug|Win32
		{D54B51BD-B4FA-4935-9816-22B39AE76934}.Release|x64.ActiveCfg = Release|x64
		{D54B51BD-B4FA-4935-9816-22B39AE76934}.Release|x64.Build.0 = Release|x64
		{D54B51BD-B4FA-4935-9816-22B39AE76934}.Release|x86.ActiveCfg = Release|Win32
		{D54B51BD-B4FA-4935-9816-22B39AE76934}.Release|x86.Build.0 = Release|Win32
		{19EE2751-3E11-4D06-92AF-64495ED660BC}.Debug|x64.ActiveCfg = Debug|x64
		{19EE2751-3E11-4D06-92AF-64495ED660BC}.Debug|x64.Build.0 = Debug|x64
		{19EE2751-3E11-4D06-92AF-64495ED660BC}.Debug|x86.ActiveCfg = Debug|Win32
		{19EE2751-3E11-4D06-92AF-64495ED660BC}.Debug|x86.Build.0 = Debug|Win32
		{19EE2751-3E11-4D06-92AF-64495ED660BC}.Release|x64.ActiveCfg = Release|x64
		{19EE2751-3E11-4D06-92AF-64495ED660BC}.Release|x64.Build.0 = Release|x64
		{19EE2751-3E11-4D06-92AF-64495ED660BC}.Release|x86.ActiveCfg = Release|Win32
		{19EE2751-3E11-4D06-92AF-64495ED660BC}.Release|x86.Build.0 = Release|Win32
		{233E225A-2C9F-461F-AE87-D65207015324}.Debug|x64.ActiveCfg = Debug|x64
		{233E225A-2C9F-461F-AE87-D65207015324}.Debug|x64.Build.0 = Debug|x64
		{233E225A-2C9F-461F-AE87-D65207015324}.Debug|x86.ActiveCfg = Debug|Win32
		{233E225A-2C9F-461F-AE87-D65207015324}.Debug|x86.Build.0 = Debug|Win32
		{233E225A-2C9F-461F-AE87-D65207015324}.Release|x64.ActiveCfg = Release|x64
		{233E225A-2C9F-461F-AE87-D65207015324}.Release|x64.Build.0 = Release|x64
		{233E225A-2C9F-461F-AE87-D65207015324}.Release|x86.ActiveCfg = Release|Win32
		{233E225A-2C9F-461F-AE87-D65207015324}.Release|x86.Build.0 = Release|Win32
		{8D89AC14-A373-4AC1-917A-3E0C8619A562}.Debug|x64.ActiveCfg = Debug|x64
		{8D89AC14-A373-4AC1-917A-3E0C8619A562}.Debug|x64.Build.0 = Debug|x64
		{8D89AC14-A373-4AC1-917A-3E0C8619A562}.Debug|x86.ActiveCfg = Debug|Win32
		{8D89AC14-A373-4AC1-917A-3E0C8619A562}.Debug|x86.Build.0 = Debug|Win32
		{8D89AC14-A373-4AC1-917A-3E0C8619A562}.Release|x64.ActiveCfg = Release|x64
		{8D89AC14-A373-4AC1-917A-3E0C8619A562}.Release|x64.Build.0 = Release|x64
		{8D89AC14-A373-4AC1-917A-3E0C8619A562}.Release|x86.ActiveCfg = Release|Win32
		{8D89AC14-A373-4AC1-917A-3E0C8619A562}.Release|x86.Build.0 = Release|Win32
		{A8407FBB-6A78-404D-85FF-AF81A6706EC9}.Debug|x64.ActiveCfg = Debug|x64
		{A8407FBB-6A78-404D-85FF-AF81A6706EC9}.Debug|x64.Build.0 = Debug|x64
		{A8407FBB-6A78-404D-85FF-AF81A6706EC9}.Debug|x86.ActiveCfg = Debug|Win32
		{A8407FBB-6A78-404D-85FF-AF81A6706EC9}.Debug|x86.Build.0 = Debug|Win32
		{A8407FBB-6A78-404D-85FF-AF81A6706EC9}.Release|x64.ActiveCfg = Release|x64
		{A8407FBB-6A78-404D-85FF-AF81A6706EC9}.Release|x64.Build.0 = Release|x64
		{A8407FBB-6A78-404D-85FF-AF81A6706EC9}.Release|x86.ActiveCfg = Release|Win32
		{A8407FBB-6A78-404D-85FF-AF81A6706EC9}.Release|x86.Build.0 = Release|Win32
		{62D0A5DC-9FD3-4385-BF23-FE27D05FB3D9}.Debug|x64.ActiveCfg = Debug|x64
		{62D0A5DC-9FD3-4385-BF23-FE27D05FB3D9}.Debug|x64.Build.0 = Debug|x64
		{62D0A5DC-9FD3-4385-BF23-FE27D05FB3D9}.Debug|x86.ActiveCfg = Debug|Win32
		{62D0A5DC-9FD3-4385-BF23-FE27D05FB3D9}.Debug|x86.Build.0 = Debug|Win32
		{62D0A5DC-9FD3-4385-BF23-FE27D05FB3D9}.Release|x64.ActiveCfg = Release|x64
		{62D0A5DC-9FD3-4385-BF23-FE27D05FB3D9}.Release|x64.Build.0 = Release|x64
		{62D0A5DC-9FD3-4385-BF23-FE27D05FB3D9}.Release|x86.ActiveCfg = Release|Win32
		{62D0A5DC-9FD3-4385-BF23-FE27D05FB3D9}.Release|x86.Build.0 = Release|Win32
		{5075D01D-ACBA-405F-9438-4CC485AED82D}.Debug|x64.ActiveCfg = Debug|x64
		{5075D01D-ACBA-405F-9438-4CC485AED82D}.Debug|x64.Build.0 = Debug|x64
		{5075D01D-ACBA-405F-9438-4CC485AED82D}.Debug|x86.ActiveCfg = Debug|Win32
		{5075D01D-ACBA-405F-9438-4CC485AED82D}.Debug|x86.Build.0 = Debug|Win32
		{5075D01D-ACBA-405F-9438-4CC485AED82D}.Release|x64.ActiveCfg = Release|x64
		{5075D01D-ACBA-405F-9438-4CC485AED82D}.Release|x64.Build.0 = Release|x64
		{5075D01D-ACBA-405F-9438-4CC485AED82D}.Release|x86.ActiveCfg = Release|Win32
		{5075D01D-ACBA-405F-9438-4CC485AED82D}.Release|x86.Build.0 = Release|Win32
		{8B2F5020-E3AC-4744-AADC-0791B7535AAC}.Debug|x64.ActiveCfg = Debug|x64
		{8B2F5020-E3AC-4744-AADC-0791B7535AAC}.Debug|x64.Build.0 = Debug|x64
		{8B2F5020-E3AC-4744-AADC-0791B7535AAC}.Debug|x86.ActiveCfg = Debug|Win32
		{8B2F5020-E3AC-4744-AADC-0791B7535AAC}.Debug|x86.Build.0 = Debug|Win32
		{8B2F5020-E3AC-4744-AADC-0791B7535AAC}.Release|x64.ActiveCfg = Release|x64
		{8B2F5020-E3AC-4744-AADC-0791B7535AAC}.Release|x64.Build.0 = Release|x64
		{8B2F5020-E3AC-4744-AADC-0791B7535AAC}.Release|x86.ActiveCfg = Release|Win32
		{8B2F5020-E3AC-4744-AADC-0791B7535AAC}.Release|x86.Build.0 = Release|Win32
		{61A0A705-FC79-4B15-AE47-0A0D0EC0B4D5}.Debug|x64.ActiveCfg = Debug|x64
		{61A0A705-FC79-4B15-AE47-0A0D0EC0B4D5}.Debug|x64.Build.0 = Debug|x64
		{61A0A705-FC79-4B15-AE47-0A0D0EC0B4D5}.Debug|x86.ActiveCfg = Debug|Win32
		{61A0A705-FC79-4B15-AE47-0A0D0EC0B4D5}.Debug|x86.Build.0 = Debug|Win32
		{61A0A705-FC79-4B15-AE47-0A0D0EC0B4D5}.Release|x64.ActiveCfg = Release|x64
		{61A0A705-FC79-4B15-AE47-0A0D0EC0B4D5}.Release|x64.Build.0 = Release|x64
		{61A0A705-FC79-4B15-AE47-0A0D0EC0B4D5}.Release|x86.ActiveCfg = Release|Win32
		{61A0A705-FC79-4B15-AE47-0A0D0EC0B4D5}.Release|x86.Build.0 = Release|Win32
		{5AC8E590-20D4-4D8F-893B-156AABFDD9AB}.Debug|x64.ActiveCfg = Debug|x64
		{5AC8E590-20D4-4D8F-893B-156AABFDD9AB}.Debug|x64.Build.0 = Debug|x64
		{5AC8E590-20D4-4D8F-893B-156AABFDD9AB}.Debug|x86.ActiveCfg = Debug|Win32
		{5AC8E590-20D4-4D8F-893B-156AABFDD9AB}.Debug|x86.Build.0 = Debug|Win32
		{5AC8E590-20D4-4D8F-893B-156AABFDD9AB}.Release|x64.ActiveCfg = Release|x64
		{5AC8E590-20D4-4D8F-893B-156AABFDD9AB}.Release|x64.Build.0 = Release|x64
		{5AC8E590-20D4-4D8F-893B-156AABFDD9AB}.Release|x86.ActiveCfg = Release|Win32
		{5AC8E590-20D4-4D8F-893B-156AABFDD9AB}.Release|x86.Build.0 = Release|Win32
		{6AAD4D8C-0882-4C40-8923-31DAA3DFBFD0}.Debug|x64.ActiveCfg = Debug|x64
		{6AAD4D8C-0882-4C40-8923-31DAA3DFBFD0}.Debug|x64.Build.0 = Debug|x64
		{6AAD4D8C-0882-4C40-8923-31DAA3DFBFD0}.Debug|x86.ActiveCfg = Debug|Win32
		{6AAD4D8C-0882-4C40-8923-31DAA3DFBFD0}.Debug|x86.Build.0 = Debug|Win32
		{6AAD4D8C-0882-4C40-8923-31DAA3DFBFD0}.Release|x64.ActiveCfg = Release|x64
		{6AAD4D8C-0882-4C40-8923-31DAA3DFBFD0}.Release|x64.Build.0 = Release|x64
		{6AAD4D8C-0882-4C40-8923-31DAA3DFBFD0}.Release|x86.ActiveCfg = Release|Win32
		{6AAD4D8C-0882-4C40-8923-31DAA3DFBFD0}.Release|x86.Build.0 = Release|Win32
		{7B3FFED3-B0FF-49B1-9219-391D05AE500F}.Debug|x64.ActiveCfg = Debug|x64
		{7B3FFED3-B0FF-49B1-9219-391D05AE500F}.Debug|x64.Build.0 = Debug|x64
		{7B3FFED3-B0FF-49B1-9219-391D05AE500F}.Debug|x86.ActiveCfg = Debug|Win32
		{7B3FFED3-B0FF-49B1-9219-391D05AE500F}.Debug|x86.Build.0 = Debug|Win32
		{7B3FFED3-B0FF-49B1-9219-391D05AE500F}.Release|x64.ActiveCfg = Release|x64
		{7B3FFED3-B0FF-49B1-9219-391D05AE500F}.Release|x64.Build.0 = Release|x64
		{7B3FFED3-B0FF-49B1-9219-391D05AE500F}.Release|x86.ActiveCfg = Release|Win32
		{7B3FFED3-B0FF-49B1-9219-391D05AE500F}.Release|x86.Build.0 = Release|Win32
	EndGlobalSection
	GlobalSection(SolutionProperties) = preSolution
		HideSolutionNode = FALSE
	EndGlobalSection
	GlobalSection(ExtensibilityGlobals) = postSolution
		SolutionGuid = {273408B7-3580-4472-97FD-66BD422D22BA}
	EndGlobalSection
EndGlobal
